
Microsoft Visual Studio Solution File, Format Version 12.00
# Visual Studio 15
VisualStudioVersion = 15.0.35714.111
MinimumVisualStudioVersion = 10.0.40219.1
Project("{FAE04EC0-301F-11D3-BF4B-00C04F79EFBC}") = "VoronoiDiagram", "VoronoiDiagram\VoronoiDiagram.csproj", "{9FFD50DE-ACAE-4D6E-871E-F2A301C9C87B}"
EndProject
Global
	GlobalSection(SolutionConfigurationPlatforms) = preSolution
		Debug|Any CPU = Debug|Any CPU
		Release|Any CPU = Release|Any CPU
	EndGlobalSection
	GlobalSection(ProjectConfigurationPlatforms) = postSolution
		{9FFD50DE-ACAE-4D6E-871E-F2A301C9C87B}.Debug|Any CPU.ActiveCfg = Debug|Any CPU
		{9FFD50DE-ACAE-4D6E-871E-F2A301C9C87B}.Debug|Any CPU.Build.0 = Debug|Any CPU
		{9FFD50DE-ACAE-4D6E-871E-F2A301C9C87B}.Release|Any CPU.ActiveCfg = Release|Any CPU
		{9FFD50DE-ACAE-4D6E-871E-F2A301C9C87B}.Release|Any CPU.Build.0 = Release|Any CPU
	EndGlobalSection
	GlobalSection(SolutionProperties) = preSolution
		HideSolutionNode = FALSE
	EndGlobalSection
	GlobalSection(ExtensibilityGlobals) = postSolution
		SolutionGuid = {C3C5028A-A547-4DEB-996E-D1907268938B}
	EndGlobalSection
EndGlobal
