
Microsoft Visual Studio Solution File, Format Version 12.00
# Visual Studio 15
VisualStudioVersion = 15.0.35714.111
MinimumVisualStudioVersion = 10.0.40219.1
Project("{FAE04EC0-301F-11D3-BF4B-00C04F79EFBC}") = "GNSSProcess", "GNSSProcess\GNSSProcess.csproj", "{02634A05-FD14-4B9D-B624-D24C59A39DE1}"
EndProject
Global
	GlobalSection(SolutionConfigurationPlatforms) = preSolution
		Debug|Any CPU = Debug|Any CPU
		Release|Any CPU = Release|Any CPU
	EndGlobalSection
	GlobalSection(ProjectConfigurationPlatforms) = postSolution
		{02634A05-FD14-4B9D-B624-D24C59A39DE1}.Debug|Any CPU.ActiveCfg = Debug|Any CPU
		{02634A05-FD14-4B9D-B624-D24C59A39DE1}.Debug|Any CPU.Build.0 = Debug|Any CPU
		{02634A05-FD14-4B9D-B624-D24C59A39DE1}.Release|Any CPU.ActiveCfg = Release|Any CPU
		{02634A05-FD14-4B9D-B624-D24C59A39DE1}.Release|Any CPU.Build.0 = Release|Any CPU
	EndGlobalSection
	GlobalSection(SolutionProperties) = preSolution
		HideSolutionNode = FALSE
	EndGlobalSection
	GlobalSection(ExtensibilityGlobals) = postSolution
		SolutionGuid = {A1F0BD47-6BFB-49B7-832A-1CA19B3CAE1E}
	EndGlobalSection
EndGlobal
