
Microsoft Visual Studio Solution File, Format Version 12.00
# Visual Studio 15
VisualStudioVersion = 15.0.35714.111
MinimumVisualStudioVersion = 10.0.40219.1
Project("{FAE04EC0-301F-11D3-BF4B-00C04F79EFBC}") = "MapSheetDivision", "MapSheetDivision\MapSheetDivision.csproj", "{C3537C46-D57F-4B5E-A629-21DD508BAC13}"
EndProject
Global
	GlobalSection(SolutionConfigurationPlatforms) = preSolution
		Debug|Any CPU = Debug|Any CPU
		Release|Any CPU = Release|Any CPU
	EndGlobalSection
	GlobalSection(ProjectConfigurationPlatforms) = postSolution
		{C3537C46-D57F-4B5E-A629-21DD508BAC13}.Debug|Any CPU.ActiveCfg = Debug|Any CPU
		{C3537C46-D57F-4B5E-A629-21DD508BAC13}.Debug|Any CPU.Build.0 = Debug|Any CPU
		{C3537C46-D57F-4B5E-A629-21DD508BAC13}.Release|Any CPU.ActiveCfg = Release|Any CPU
		{C3537C46-D57F-4B5E-A629-21DD508BAC13}.Release|Any CPU.Build.0 = Release|Any CPU
	EndGlobalSection
	GlobalSection(SolutionProperties) = preSolution
		HideSolutionNode = FALSE
	EndGlobalSection
	GlobalSection(ExtensibilityGlobals) = postSolution
		SolutionGuid = {3948D004-65E8-4515-8828-46B63F42A9AA}
	EndGlobalSection
EndGlobal
