
Microsoft Visual Studio Solution File, Format Version 12.00
# Visual Studio Version 16
VisualStudioVersion = 16.0.34601.136
MinimumVisualStudioVersion = 10.0.40219.1
Project("{FAE04EC0-301F-11D3-BF4B-00C04F79EFBC}") = "DP", "DP.csproj", "{2DE34933-D0FC-41BC-AAD4-346BBF4CEBEB}"
EndProject
Global
	GlobalSection(SolutionConfigurationPlatforms) = preSolution
		Debug|Any CPU = Debug|Any CPU
		Release|Any CPU = Release|Any CPU
	EndGlobalSection
	GlobalSection(ProjectConfigurationPlatforms) = postSolution
		{2DE34933-D0FC-41BC-AAD4-346BBF4CEBEB}.Debug|Any CPU.ActiveCfg = Debug|Any CPU
		{2DE34933-D0FC-41BC-AAD4-346BBF4CEBEB}.Debug|Any CPU.Build.0 = Debug|Any CPU
		{2DE34933-D0FC-41BC-AAD4-346BBF4CEBEB}.Release|Any CPU.ActiveCfg = Release|Any CPU
		{2DE34933-D0FC-41BC-AAD4-346BBF4CEBEB}.Release|Any CPU.Build.0 = Release|Any CPU
	EndGlobalSection
	GlobalSection(SolutionProperties) = preSolution
		HideSolutionNode = FALSE
	EndGlobalSection
	GlobalSection(ExtensibilityGlobals) = postSolution
		SolutionGuid = {AC627444-C8E7-49A2-BC6C-7792AED11010}
	EndGlobalSection
EndGlobal
