
Microsoft Visual Studio Solution File, Format Version 12.00
# Visual Studio Version 16
VisualStudioVersion = 16.0.34601.136
MinimumVisualStudioVersion = 10.0.40219.1
Project("{FAE04EC0-301F-11D3-BF4B-00C04F79EFBC}") = "Chap6_CalArea", "Chap6_CalArea.csproj", "{AA47FDC4-F2B2-407D-9CD7-5BE877737EF5}"
EndProject
Global
	GlobalSection(SolutionConfigurationPlatforms) = preSolution
		Debug|Any CPU = Debug|Any CPU
		Release|Any CPU = Release|Any CPU
	EndGlobalSection
	GlobalSection(ProjectConfigurationPlatforms) = postSolution
		{AA47FDC4-F2B2-407D-9CD7-5BE877737EF5}.Debug|Any CPU.ActiveCfg = Debug|Any CPU
		{AA47FDC4-F2B2-407D-9CD7-5BE877737EF5}.Debug|Any CPU.Build.0 = Debug|Any CPU
		{AA47FDC4-F2B2-407D-9CD7-5BE877737EF5}.Release|Any CPU.ActiveCfg = Release|Any CPU
		{AA47FDC4-F2B2-407D-9CD7-5BE877737EF5}.Release|Any CPU.Build.0 = Release|Any CPU
	EndGlobalSection
	GlobalSection(SolutionProperties) = preSolution
		HideSolutionNode = FALSE
	EndGlobalSection
	GlobalSection(ExtensibilityGlobals) = postSolution
		SolutionGuid = {F45A2B1C-1CAF-4844-92E1-F7D691D2712F}
	EndGlobalSection
EndGlobal
