
Microsoft Visual Studio Solution File, Format Version 12.00
# Visual Studio Version 16
VisualStudioVersion = 16.0.34601.136
MinimumVisualStudioVersion = 10.0.40219.1
Project("{FAE04EC0-301F-11D3-BF4B-00C04F79EFBC}") = "Chap5_TimeTransform", "Chap5_TimeTransform.csproj", "{984EADF0-F10B-4252-A6F3-8D6A00A4DE09}"
EndProject
Global
	GlobalSection(SolutionConfigurationPlatforms) = preSolution
		Debug|Any CPU = Debug|Any CPU
		Release|Any CPU = Release|Any CPU
	EndGlobalSection
	GlobalSection(ProjectConfigurationPlatforms) = postSolution
		{984EADF0-F10B-4252-A6F3-8D6A00A4DE09}.Debug|Any CPU.ActiveCfg = Debug|Any CPU
		{984EADF0-F10B-4252-A6F3-8D6A00A4DE09}.Debug|Any CPU.Build.0 = Debug|Any CPU
		{984EADF0-F10B-4252-A6F3-8D6A00A4DE09}.Release|Any CPU.ActiveCfg = Release|Any CPU
		{984EADF0-F10B-4252-A6F3-8D6A00A4DE09}.Release|Any CPU.Build.0 = Release|Any CPU
	EndGlobalSection
	GlobalSection(SolutionProperties) = preSolution
		HideSolutionNode = FALSE
	EndGlobalSection
	GlobalSection(ExtensibilityGlobals) = postSolution
		SolutionGuid = {BA7AC946-3136-4B29-879A-53F006D5C707}
	EndGlobalSection
EndGlobal
